
Microsoft Visual Studio Solution File, Format Version 12.00
# Visual Studio Version 16
VisualStudioVersion = 16.0.30907.101
MinimumVisualStudioVersion = 10.0.40219.1
Project("{9A19103F-16F7-4668-BE54-9A1E7A4F7556}") = "Shell.SPOCPI.MigrateSubscription", "Shell.SPOCPI.MigrateSubscription\Shell.SPOCPI.MigrateSubscription.csproj", "{5CD468AA-E236-46EF-9ABB-4695DB910C51}"
EndProject
Project("{9A19103F-16F7-4668-BE54-9A1E7A4F7556}") = "Shell.SPOCPI.MigrationPipeline.WebJob", "Shell.SPOCPI.MigrationPipeline.WebJob\Shell.SPOCPI.MigrationPipeline.WebJob.csproj", "{87D6E383-82B4-4E73-9CAA-B0A90560D688}"
EndProject
Global
	GlobalSection(SolutionConfigurationPlatforms) = preSolution
		Debug|Any CPU = Debug|Any CPU
		Release|Any CPU = Release|Any CPU
	EndGlobalSection
	GlobalSection(ProjectConfigurationPlatforms) = postSolution
		{5CD468AA-E236-46EF-9ABB-4695DB910C51}.Debug|Any CPU.ActiveCfg = Debug|Any CPU
		{5CD468AA-E236-46EF-9ABB-4695DB910C51}.Debug|Any CPU.Build.0 = Debug|Any CPU
		{5CD468AA-E236-46EF-9ABB-4695DB910C51}.Release|Any CPU.ActiveCfg = Release|Any CPU
		{5CD468AA-E236-46EF-9ABB-4695DB910C51}.Release|Any CPU.Build.0 = Release|Any CPU
		{87D6E383-82B4-4E73-9CAA-B0A90560D688}.Debug|Any CPU.ActiveCfg = Debug|Any CPU
		{87D6E383-82B4-4E73-9CAA-B0A90560D688}.Debug|Any CPU.Build.0 = Debug|Any CPU
		{87D6E383-82B4-4E73-9CAA-B0A90560D688}.Release|Any CPU.ActiveCfg = Release|Any CPU
		{87D6E383-82B4-4E73-9CAA-B0A90560D688}.Release|Any CPU.Build.0 = Release|Any CPU
	EndGlobalSection
	GlobalSection(SolutionProperties) = preSolution
		HideSolutionNode = FALSE
	EndGlobalSection
	GlobalSection(ExtensibilityGlobals) = postSolution
		SolutionGuid = {76384A5D-01B7-4755-9AB1-23A09FC80742}
	EndGlobalSection
EndGlobal
